
Microsoft Visual Studio Solution File, Format Version 12.00
# Visual Studio Version 16
VisualStudioVersion = 16.0.30907.101
MinimumVisualStudioVersion = 10.0.40219.1
Project("{FAE04EC0-301F-11D3-BF4B-00C04F79EFBC}") = "WindowsFormsApp5ex3", "WindowsFormsApp5ex3\WindowsFormsApp5ex3.csproj", "{8E369D2F-F42E-45A9-8576-2BE10A45969E}"
EndProject
Global
	GlobalSection(SolutionConfigurationPlatforms) = preSolution
		Debug|Any CPU = Debug|Any CPU
		Release|Any CPU = Release|Any CPU
	EndGlobalSection
	GlobalSection(ProjectConfigurationPlatforms) = postSolution
		{8E369D2F-F42E-45A9-8576-2BE10A45969E}.Debug|Any CPU.ActiveCfg = Debug|Any CPU
		{8E369D2F-F42E-45A9-8576-2BE10A45969E}.Debug|Any CPU.Build.0 = Debug|Any CPU
		{8E369D2F-F42E-45A9-8576-2BE10A45969E}.Release|Any CPU.ActiveCfg = Release|Any CPU
		{8E369D2F-F42E-45A9-8576-2BE10A45969E}.Release|Any CPU.Build.0 = Release|Any CPU
	EndGlobalSection
	GlobalSection(SolutionProperties) = preSolution
		HideSolutionNode = FALSE
	EndGlobalSection
	GlobalSection(ExtensibilityGlobals) = postSolution
		SolutionGuid = {E8C8935D-6860-4353-8F63-E7FB223745E4}
	EndGlobalSection
EndGlobal
